
Microsoft Visual Studio Solution File, Format Version 12.00
# Visual Studio Version 17
VisualStudioVersion = 17.6.33723.286
MinimumVisualStudioVersion = 10.0.40219.1
Project("{9A19103F-16F7-4668-BE54-9A1E7A4F7556}") = "RetCoDM", "RetCoDM\RetCoDM.csproj", "{A385526D-CAE6-4E60-9998-763DBB7110CD}"
EndProject
Project("{FAE04EC0-301F-11D3-BF4B-00C04F79EFBC}") = "RetCoUI", "RetCoUI\RetCoUI.csproj", "{A9338DDF-BBE2-4C6A-AC79-B0E273B59925}"
EndProject
Global
	GlobalSection(SolutionConfigurationPlatforms) = preSolution
		Debug|Any CPU = Debug|Any CPU
		Release|Any CPU = Release|Any CPU
	EndGlobalSection
	GlobalSection(ProjectConfigurationPlatforms) = postSolution
		{A385526D-CAE6-4E60-9998-763DBB7110CD}.Debug|Any CPU.ActiveCfg = Debug|Any CPU
		{A385526D-CAE6-4E60-9998-763DBB7110CD}.Debug|Any CPU.Build.0 = Debug|Any CPU
		{A385526D-CAE6-4E60-9998-763DBB7110CD}.Release|Any CPU.ActiveCfg = Release|Any CPU
		{A385526D-CAE6-4E60-9998-763DBB7110CD}.Release|Any CPU.Build.0 = Release|Any CPU
		{A9338DDF-BBE2-4C6A-AC79-B0E273B59925}.Debug|Any CPU.ActiveCfg = Debug|Any CPU
		{A9338DDF-BBE2-4C6A-AC79-B0E273B59925}.Debug|Any CPU.Build.0 = Debug|Any CPU
		{A9338DDF-BBE2-4C6A-AC79-B0E273B59925}.Release|Any CPU.ActiveCfg = Release|Any CPU
		{A9338DDF-BBE2-4C6A-AC79-B0E273B59925}.Release|Any CPU.Build.0 = Release|Any CPU
	EndGlobalSection
	GlobalSection(SolutionProperties) = preSolution
		HideSolutionNode = FALSE
	EndGlobalSection
	GlobalSection(ExtensibilityGlobals) = postSolution
		SolutionGuid = {D6FAA90D-674E-44AA-9E66-227E39578948}
	EndGlobalSection
EndGlobal
